
Microsoft Visual Studio Solution File, Format Version 12.00
# Visual Studio Version 17
VisualStudioVersion = 17.0.31903.59
MinimumVisualStudioVersion = 10.0.40219.1
Project("{FAE04EC0-301F-11D3-BF4B-00C04F79EFBC}") = "Artisan", "Artisan\Artisan.csproj", "{EAF71730-CB32-4B5D-AC68-950A3305F1C7}"
EndProject
Project("{2150E333-8FDC-42A3-9474-1A3956D46DE8}") = "PunishLib", "PunishLib", "{92C8B352-A573-4D8E-855A-38D5A8D4F866}"
EndProject
Project("{FAE04EC0-301F-11D3-BF4B-00C04F79EFBC}") = "PunishLib", "PunishLib\PunishLib\PunishLib.csproj", "{29C8847F-9AEC-4E13-A9CE-B6C67BE737B6}"
EndProject
Project("{2150E333-8FDC-42A3-9474-1A3956D46DE8}") = "ECommons", "ECommons", "{9D0FA0FF-5964-4CE2-A791-959C009DBC5E}"
EndProject
Project("{FAE04EC0-301F-11D3-BF4B-00C04F79EFBC}") = "ECommons", "ECommons\ECommons\ECommons.csproj", "{D69AB985-41EB-4541-985B-1548867AF6F0}"
EndProject
Project("{2150E333-8FDC-42A3-9474-1A3956D46DE8}") = "ClickLib", "ClickLib", "{2AC2CD97-B430-4344-9014-37865C2AF96C}"
EndProject
Project("{FAE04EC0-301F-11D3-BF4B-00C04F79EFBC}") = "ClickLib", "ClickLib\ClickLib\ClickLib.csproj", "{E8E400D2-2605-4C12-BD79-A055C18B1FFB}"
EndProject
Global
	GlobalSection(SolutionConfigurationPlatforms) = preSolution
		Debug|Any CPU = Debug|Any CPU
		Release|Any CPU = Release|Any CPU
	EndGlobalSection
	GlobalSection(SolutionProperties) = preSolution
		HideSolutionNode = FALSE
	EndGlobalSection
	GlobalSection(ProjectConfigurationPlatforms) = postSolution
		{EAF71730-CB32-4B5D-AC68-950A3305F1C7}.Debug|Any CPU.ActiveCfg = Debug|x64
		{EAF71730-CB32-4B5D-AC68-950A3305F1C7}.Debug|Any CPU.Build.0 = Debug|x64
		{EAF71730-CB32-4B5D-AC68-950A3305F1C7}.Release|Any CPU.ActiveCfg = Release|x64
		{EAF71730-CB32-4B5D-AC68-950A3305F1C7}.Release|Any CPU.Build.0 = Release|x64
		{29C8847F-9AEC-4E13-A9CE-B6C67BE737B6}.Debug|Any CPU.ActiveCfg = Debug|x64
		{29C8847F-9AEC-4E13-A9CE-B6C67BE737B6}.Debug|Any CPU.Build.0 = Debug|x64
		{29C8847F-9AEC-4E13-A9CE-B6C67BE737B6}.Release|Any CPU.ActiveCfg = Release|x64
		{29C8847F-9AEC-4E13-A9CE-B6C67BE737B6}.Release|Any CPU.Build.0 = Release|x64
		{D69AB985-41EB-4541-985B-1548867AF6F0}.Debug|Any CPU.ActiveCfg = Debug|x64
		{D69AB985-41EB-4541-985B-1548867AF6F0}.Debug|Any CPU.Build.0 = Debug|x64
		{D69AB985-41EB-4541-985B-1548867AF6F0}.Release|Any CPU.ActiveCfg = Release|x64
		{D69AB985-41EB-4541-985B-1548867AF6F0}.Release|Any CPU.Build.0 = Release|x64
		{E8E400D2-2605-4C12-BD79-A055C18B1FFB}.Debug|Any CPU.ActiveCfg = Debug|x64
		{E8E400D2-2605-4C12-BD79-A055C18B1FFB}.Debug|Any CPU.Build.0 = Debug|x64
		{E8E400D2-2605-4C12-BD79-A055C18B1FFB}.Release|Any CPU.ActiveCfg = Release|x64
		{E8E400D2-2605-4C12-BD79-A055C18B1FFB}.Release|Any CPU.Build.0 = Release|x64
	EndGlobalSection
	GlobalSection(NestedProjects) = preSolution
		{29C8847F-9AEC-4E13-A9CE-B6C67BE737B6} = {92C8B352-A573-4D8E-855A-38D5A8D4F866}
		{D69AB985-41EB-4541-985B-1548867AF6F0} = {9D0FA0FF-5964-4CE2-A791-959C009DBC5E}
		{E8E400D2-2605-4C12-BD79-A055C18B1FFB} = {2AC2CD97-B430-4344-9014-37865C2AF96C}
	EndGlobalSection
EndGlobal
